
Microsoft Visual Studio Solution File, Format Version 12.00
# Visual Studio 14
VisualStudioVersion = 14.0.25420.1
MinimumVisualStudioVersion = 10.0.40219.1
Project("{FAE04EC0-301F-11D3-BF4B-00C04F79EFBC}") = "ConsoleExample", "ConsoleExample\ConsoleExample.csproj", "{C102E3A9-9FCB-4523-8AC9-5D6CB3CD6CE6}"
EndProject
Project("{FAE04EC0-301F-11D3-BF4B-00C04F79EFBC}") = "Examples", "Examples\Examples.csproj", "{B10E8D10-CF7E-4B52-9D82-D4DE3F6CCDC1}"
EndProject
Global
	GlobalSection(SolutionConfigurationPlatforms) = preSolution
		Debug|Any CPU = Debug|Any CPU
		Release|Any CPU = Release|Any CPU
	EndGlobalSection
	GlobalSection(ProjectConfigurationPlatforms) = postSolution
		{C102E3A9-9FCB-4523-8AC9-5D6CB3CD6CE6}.Debug|Any CPU.ActiveCfg = Debug|Any CPU
		{C102E3A9-9FCB-4523-8AC9-5D6CB3CD6CE6}.Debug|Any CPU.Build.0 = Debug|Any CPU
		{C102E3A9-9FCB-4523-8AC9-5D6CB3CD6CE6}.Release|Any CPU.ActiveCfg = Release|Any CPU
		{C102E3A9-9FCB-4523-8AC9-5D6CB3CD6CE6}.Release|Any CPU.Build.0 = Release|Any CPU
		{B10E8D10-CF7E-4B52-9D82-D4DE3F6CCDC1}.Debug|Any CPU.ActiveCfg = Debug|Any CPU
		{B10E8D10-CF7E-4B52-9D82-D4DE3F6CCDC1}.Debug|Any CPU.Build.0 = Debug|Any CPU
		{B10E8D10-CF7E-4B52-9D82-D4DE3F6CCDC1}.Release|Any CPU.ActiveCfg = Release|Any CPU
		{B10E8D10-CF7E-4B52-9D82-D4DE3F6CCDC1}.Release|Any CPU.Build.0 = Release|Any CPU
	EndGlobalSection
	GlobalSection(SolutionProperties) = preSolution
		HideSolutionNode = FALSE
	EndGlobalSection
EndGlobal
